
Microsoft Visual Studio Solution File, Format Version 12.00
# Visual Studio Version 17
VisualStudioVersion = 17.3.32922.545
MinimumVisualStudioVersion = 10.0.40219.1
Project("{FAE04EC0-301F-11D3-BF4B-00C04F79EFBC}") = "Entidades", "Entidades\Entidades.csproj", "{4F0D5BE5-A0D6-4DA2-BE19-ABDEB5142C04}"
EndProject
Project("{FAE04EC0-301F-11D3-BF4B-00C04F79EFBC}") = "Datos", "Datos\Datos.csproj", "{4AD90FD5-B994-4B90-837C-57E115D27D06}"
EndProject
Project("{FAE04EC0-301F-11D3-BF4B-00C04F79EFBC}") = "Negocio", "Negocio\Negocio.csproj", "{49D21B33-0FE1-498C-B4EE-B89962F68AA6}"
EndProject
Project("{FAE04EC0-301F-11D3-BF4B-00C04F79EFBC}") = "Presentacion", "Presentacion\Presentacion.csproj", "{CCD74BD1-6DC9-48EB-AD51-07E70241B0CC}"
EndProject
Global
	GlobalSection(SolutionConfigurationPlatforms) = preSolution
		Debug|Any CPU = Debug|Any CPU
		Release|Any CPU = Release|Any CPU
	EndGlobalSection
	GlobalSection(ProjectConfigurationPlatforms) = postSolution
		{4F0D5BE5-A0D6-4DA2-BE19-ABDEB5142C04}.Debug|Any CPU.ActiveCfg = Debug|Any CPU
		{4F0D5BE5-A0D6-4DA2-BE19-ABDEB5142C04}.Debug|Any CPU.Build.0 = Debug|Any CPU
		{4F0D5BE5-A0D6-4DA2-BE19-ABDEB5142C04}.Release|Any CPU.ActiveCfg = Release|Any CPU
		{4F0D5BE5-A0D6-4DA2-BE19-ABDEB5142C04}.Release|Any CPU.Build.0 = Release|Any CPU
		{4AD90FD5-B994-4B90-837C-57E115D27D06}.Debug|Any CPU.ActiveCfg = Debug|Any CPU
		{4AD90FD5-B994-4B90-837C-57E115D27D06}.Debug|Any CPU.Build.0 = Debug|Any CPU
		{4AD90FD5-B994-4B90-837C-57E115D27D06}.Release|Any CPU.ActiveCfg = Release|Any CPU
		{4AD90FD5-B994-4B90-837C-57E115D27D06}.Release|Any CPU.Build.0 = Release|Any CPU
		{49D21B33-0FE1-498C-B4EE-B89962F68AA6}.Debug|Any CPU.ActiveCfg = Debug|Any CPU
		{49D21B33-0FE1-498C-B4EE-B89962F68AA6}.Debug|Any CPU.Build.0 = Debug|Any CPU
		{49D21B33-0FE1-498C-B4EE-B89962F68AA6}.Release|Any CPU.ActiveCfg = Release|Any CPU
		{49D21B33-0FE1-498C-B4EE-B89962F68AA6}.Release|Any CPU.Build.0 = Release|Any CPU
		{CCD74BD1-6DC9-48EB-AD51-07E70241B0CC}.Debug|Any CPU.ActiveCfg = Debug|Any CPU
		{CCD74BD1-6DC9-48EB-AD51-07E70241B0CC}.Debug|Any CPU.Build.0 = Debug|Any CPU
		{CCD74BD1-6DC9-48EB-AD51-07E70241B0CC}.Release|Any CPU.ActiveCfg = Release|Any CPU
		{CCD74BD1-6DC9-48EB-AD51-07E70241B0CC}.Release|Any CPU.Build.0 = Release|Any CPU
	EndGlobalSection
	GlobalSection(SolutionProperties) = preSolution
		HideSolutionNode = FALSE
	EndGlobalSection
	GlobalSection(ExtensibilityGlobals) = postSolution
		SolutionGuid = {86BBF4E7-EC09-4190-82F3-DCFDD1BF1F04}
	EndGlobalSection
EndGlobal
